
Microsoft Visual Studio Solution File, Format Version 12.00
# Visual Studio 15
VisualStudioVersion = 15.0.28307.572
MinimumVisualStudioVersion = 10.0.40219.1
Project("{FAE04EC0-301F-11D3-BF4B-00C04F79EFBC}") = "test_trtc", "test\test_trtc\test_trtc.csproj", "{09DEDD32-A394-457D-9EAD-877BC0B85545}"
EndProject
Project("{8BC9CEB8-8B4A-11D0-8D11-00A0C91BC942}") = "ThrustRTCLR", "ThrustRTCLR\ThrustRTCLR.vcxproj", "{0A667427-FE32-453C-B92C-3B20FB0467A9}"
EndProject
Project("{FAE04EC0-301F-11D3-BF4B-00C04F79EFBC}") = "ThrustRTCSharp", "ThrustRTCSharp\ThrustRTCSharp.csproj", "{13FDD644-4E0E-4E28-9E20-8F130FA93E0C}"
EndProject
Global
	GlobalSection(SolutionConfigurationPlatforms) = preSolution
		Debug|Any CPU = Debug|Any CPU
		Debug|x64 = Debug|x64
		Debug|x86 = Debug|x86
		Release|Any CPU = Release|Any CPU
		Release|x64 = Release|x64
		Release|x86 = Release|x86
	EndGlobalSection
	GlobalSection(ProjectConfigurationPlatforms) = postSolution
		{09DEDD32-A394-457D-9EAD-877BC0B85545}.Debug|Any CPU.ActiveCfg = Debug|Any CPU
		{09DEDD32-A394-457D-9EAD-877BC0B85545}.Debug|Any CPU.Build.0 = Debug|Any CPU
		{09DEDD32-A394-457D-9EAD-877BC0B85545}.Debug|x64.ActiveCfg = Debug|Any CPU
		{09DEDD32-A394-457D-9EAD-877BC0B85545}.Debug|x64.Build.0 = Debug|Any CPU
		{09DEDD32-A394-457D-9EAD-877BC0B85545}.Debug|x86.ActiveCfg = Debug|Any CPU
		{09DEDD32-A394-457D-9EAD-877BC0B85545}.Debug|x86.Build.0 = Debug|Any CPU
		{09DEDD32-A394-457D-9EAD-877BC0B85545}.Release|Any CPU.ActiveCfg = Release|Any CPU
		{09DEDD32-A394-457D-9EAD-877BC0B85545}.Release|Any CPU.Build.0 = Release|Any CPU
		{09DEDD32-A394-457D-9EAD-877BC0B85545}.Release|x64.ActiveCfg = Release|Any CPU
		{09DEDD32-A394-457D-9EAD-877BC0B85545}.Release|x64.Build.0 = Release|Any CPU
		{09DEDD32-A394-457D-9EAD-877BC0B85545}.Release|x86.ActiveCfg = Release|Any CPU
		{09DEDD32-A394-457D-9EAD-877BC0B85545}.Release|x86.Build.0 = Release|Any CPU
		{0A667427-FE32-453C-B92C-3B20FB0467A9}.Debug|Any CPU.ActiveCfg = Debug|Win32
		{0A667427-FE32-453C-B92C-3B20FB0467A9}.Debug|x64.ActiveCfg = Debug|x64
		{0A667427-FE32-453C-B92C-3B20FB0467A9}.Debug|x64.Build.0 = Debug|x64
		{0A667427-FE32-453C-B92C-3B20FB0467A9}.Debug|x86.ActiveCfg = Debug|Win32
		{0A667427-FE32-453C-B92C-3B20FB0467A9}.Debug|x86.Build.0 = Debug|Win32
		{0A667427-FE32-453C-B92C-3B20FB0467A9}.Release|Any CPU.ActiveCfg = Release|Win32
		{0A667427-FE32-453C-B92C-3B20FB0467A9}.Release|x64.ActiveCfg = Release|x64
		{0A667427-FE32-453C-B92C-3B20FB0467A9}.Release|x64.Build.0 = Release|x64
		{0A667427-FE32-453C-B92C-3B20FB0467A9}.Release|x86.ActiveCfg = Release|Win32
		{0A667427-FE32-453C-B92C-3B20FB0467A9}.Release|x86.Build.0 = Release|Win32
		{13FDD644-4E0E-4E28-9E20-8F130FA93E0C}.Debug|Any CPU.ActiveCfg = Debug|Any CPU
		{13FDD644-4E0E-4E28-9E20-8F130FA93E0C}.Debug|Any CPU.Build.0 = Debug|Any CPU
		{13FDD644-4E0E-4E28-9E20-8F130FA93E0C}.Debug|x64.ActiveCfg = Debug|Any CPU
		{13FDD644-4E0E-4E28-9E20-8F130FA93E0C}.Debug|x64.Build.0 = Debug|Any CPU
		{13FDD644-4E0E-4E28-9E20-8F130FA93E0C}.Debug|x86.ActiveCfg = Debug|Any CPU
		{13FDD644-4E0E-4E28-9E20-8F130FA93E0C}.Debug|x86.Build.0 = Debug|Any CPU
		{13FDD644-4E0E-4E28-9E20-8F130FA93E0C}.Release|Any CPU.ActiveCfg = Release|Any CPU
		{13FDD644-4E0E-4E28-9E20-8F130FA93E0C}.Release|Any CPU.Build.0 = Release|Any CPU
		{13FDD644-4E0E-4E28-9E20-8F130FA93E0C}.Release|x64.ActiveCfg = Release|Any CPU
		{13FDD644-4E0E-4E28-9E20-8F130FA93E0C}.Release|x64.Build.0 = Release|Any CPU
		{13FDD644-4E0E-4E28-9E20-8F130FA93E0C}.Release|x86.ActiveCfg = Release|Any CPU
		{13FDD644-4E0E-4E28-9E20-8F130FA93E0C}.Release|x86.Build.0 = Release|Any CPU
	EndGlobalSection
	GlobalSection(SolutionProperties) = preSolution
		HideSolutionNode = FALSE
	EndGlobalSection
	GlobalSection(ExtensibilityGlobals) = postSolution
		SolutionGuid = {B606E8A8-0D83-487C-9D35-ABA7CB5C6209}
	EndGlobalSection
EndGlobal
