
Microsoft Visual Studio Solution File, Format Version 12.00
# Visual Studio 15
VisualStudioVersion = 15.0.28307.572
MinimumVisualStudioVersion = 10.0.40219.1
Project("{FAE04EC0-301F-11D3-BF4B-00C04F79EFBC}") = "test_trtc", "test\test_trtc\test_trtc.csproj", "{09DEDD32-A394-457D-9EAD-877BC0B85545}"
EndProject
Project("{8BC9CEB8-8B4A-11D0-8D11-00A0C91BC942}") = "ThrustRTCLR", "ThrustRTCLR\ThrustRTCLR.vcxproj", "{0A667427-FE32-453C-B92C-3B20FB0467A9}"
EndProject
Project("{FAE04EC0-301F-11D3-BF4B-00C04F79EFBC}") = "ThrustRTCSharp", "ThrustRTCSharp\ThrustRTCSharp.csproj", "{13FDD644-4E0E-4E28-9E20-8F130FA93E0C}"
EndProject
Project("{FAE04EC0-301F-11D3-BF4B-00C04F79EFBC}") = "test_for", "test\test_for\test_for.csproj", "{83E5F53F-8B86-4B96-8E8F-2DB72FC5F04A}"
EndProject
Project("{FAE04EC0-301F-11D3-BF4B-00C04F79EFBC}") = "test_fill", "test\test_fill\test_fill.csproj", "{6F59B988-3BDA-442D-AB62-CFD893ECADAD}"
EndProject
Project("{FAE04EC0-301F-11D3-BF4B-00C04F79EFBC}") = "test_replace", "test\test_replace\test_replace.csproj", "{E4247AB6-5CEF-4CA6-8C54-88B9B16B396F}"
EndProject
Project("{FAE04EC0-301F-11D3-BF4B-00C04F79EFBC}") = "test_constant", "test\test_constant\test_constant.csproj", "{5976BB47-C73F-4F70-8FFB-0316CC91F327}"
EndProject
Project("{FAE04EC0-301F-11D3-BF4B-00C04F79EFBC}") = "test_copy", "test\test_copy\test_copy.csproj", "{CAFD72F9-14F9-432E-864F-E4F4B57055BF}"
EndProject
Project("{FAE04EC0-301F-11D3-BF4B-00C04F79EFBC}") = "test_counter", "test\test_counter\test_counter.csproj", "{535F5861-0F36-45B1-B464-715C4E0B232F}"
EndProject
Project("{FAE04EC0-301F-11D3-BF4B-00C04F79EFBC}") = "test_discard", "test\test_discard\test_discard.csproj", "{53281651-68BD-473B-800B-6CB8CED55248}"
EndProject
Project("{FAE04EC0-301F-11D3-BF4B-00C04F79EFBC}") = "test_permutation", "test\test_permutation\test_permutation.csproj", "{4D875FEF-A7B0-47A0-8515-F8057C644B01}"
EndProject
Project("{FAE04EC0-301F-11D3-BF4B-00C04F79EFBC}") = "test_reverse", "test\test_reverse\test_reverse.csproj", "{E78F4496-7617-499B-9BCC-4B5E1467F434}"
EndProject
Project("{FAE04EC0-301F-11D3-BF4B-00C04F79EFBC}") = "test_transform_iter", "test\test_transform_iter\test_transform_iter.csproj", "{F0F7F2D4-577B-4072-8DFC-04BA79CA6D1B}"
EndProject
Project("{FAE04EC0-301F-11D3-BF4B-00C04F79EFBC}") = "test_zipped", "test\test_zipped\test_zipped.csproj", "{E4CB76ED-F75E-4DF0-8AD2-E4EB864CEE2E}"
EndProject
Project("{FAE04EC0-301F-11D3-BF4B-00C04F79EFBC}") = "test_custom_vector", "test\test_custom_vector\test_custom_vector.csproj", "{CCBA2135-D04C-4AFD-9D24-B2CC471D9C97}"
EndProject
Project("{FAE04EC0-301F-11D3-BF4B-00C04F79EFBC}") = "test_for_each", "test\test_for_each\test_for_each.csproj", "{D35DB708-620E-40F3-BC78-C1C451927DF1}"
EndProject
Project("{FAE04EC0-301F-11D3-BF4B-00C04F79EFBC}") = "test_adjacent_difference", "test\test_adjacent_difference\test_adjacent_difference.csproj", "{19444063-098B-402E-A223-22FFDABF3571}"
EndProject
Project("{FAE04EC0-301F-11D3-BF4B-00C04F79EFBC}") = "test_sequence", "test\test_sequence\test_sequence.csproj", "{BC1125F2-4552-4CEC-A926-3B584E9AA562}"
EndProject
Project("{FAE04EC0-301F-11D3-BF4B-00C04F79EFBC}") = "test_tabulate", "test\test_tabulate\test_tabulate.csproj", "{4E462282-9D2C-42ED-9535-55D5A96BFC54}"
EndProject
Project("{FAE04EC0-301F-11D3-BF4B-00C04F79EFBC}") = "test_transform", "test\test_transform\test_transform.csproj", "{190E0ECC-643F-4FF7-A8C8-C2B933AC206C}"
EndProject
Project("{FAE04EC0-301F-11D3-BF4B-00C04F79EFBC}") = "test_gather", "test\test_gather\test_gather.csproj", "{90C72634-2C7F-4CEC-A690-9AB8BD5D2F7A}"
EndProject
Project("{FAE04EC0-301F-11D3-BF4B-00C04F79EFBC}") = "test_scatter", "test\test_scatter\test_scatter.csproj", "{69B6B97C-4F41-475F-93DC-299CE3E9CCB5}"
EndProject
Project("{FAE04EC0-301F-11D3-BF4B-00C04F79EFBC}") = "test_swap", "test\test_swap\test_swap.csproj", "{33FFF4FF-333C-440E-8F72-27ABDA648C67}"
EndProject
Global
	GlobalSection(SolutionConfigurationPlatforms) = preSolution
		Debug|Any CPU = Debug|Any CPU
		Debug|x64 = Debug|x64
		Debug|x86 = Debug|x86
		Release|Any CPU = Release|Any CPU
		Release|x64 = Release|x64
		Release|x86 = Release|x86
	EndGlobalSection
	GlobalSection(ProjectConfigurationPlatforms) = postSolution
		{09DEDD32-A394-457D-9EAD-877BC0B85545}.Debug|Any CPU.ActiveCfg = Debug|Any CPU
		{09DEDD32-A394-457D-9EAD-877BC0B85545}.Debug|Any CPU.Build.0 = Debug|Any CPU
		{09DEDD32-A394-457D-9EAD-877BC0B85545}.Debug|x64.ActiveCfg = Debug|Any CPU
		{09DEDD32-A394-457D-9EAD-877BC0B85545}.Debug|x64.Build.0 = Debug|Any CPU
		{09DEDD32-A394-457D-9EAD-877BC0B85545}.Debug|x86.ActiveCfg = Debug|Any CPU
		{09DEDD32-A394-457D-9EAD-877BC0B85545}.Debug|x86.Build.0 = Debug|Any CPU
		{09DEDD32-A394-457D-9EAD-877BC0B85545}.Release|Any CPU.ActiveCfg = Release|Any CPU
		{09DEDD32-A394-457D-9EAD-877BC0B85545}.Release|Any CPU.Build.0 = Release|Any CPU
		{09DEDD32-A394-457D-9EAD-877BC0B85545}.Release|x64.ActiveCfg = Release|Any CPU
		{09DEDD32-A394-457D-9EAD-877BC0B85545}.Release|x64.Build.0 = Release|Any CPU
		{09DEDD32-A394-457D-9EAD-877BC0B85545}.Release|x86.ActiveCfg = Release|Any CPU
		{09DEDD32-A394-457D-9EAD-877BC0B85545}.Release|x86.Build.0 = Release|Any CPU
		{0A667427-FE32-453C-B92C-3B20FB0467A9}.Debug|Any CPU.ActiveCfg = Debug|Win32
		{0A667427-FE32-453C-B92C-3B20FB0467A9}.Debug|x64.ActiveCfg = Debug|x64
		{0A667427-FE32-453C-B92C-3B20FB0467A9}.Debug|x64.Build.0 = Debug|x64
		{0A667427-FE32-453C-B92C-3B20FB0467A9}.Debug|x86.ActiveCfg = Debug|Win32
		{0A667427-FE32-453C-B92C-3B20FB0467A9}.Debug|x86.Build.0 = Debug|Win32
		{0A667427-FE32-453C-B92C-3B20FB0467A9}.Release|Any CPU.ActiveCfg = Release|Win32
		{0A667427-FE32-453C-B92C-3B20FB0467A9}.Release|x64.ActiveCfg = Release|x64
		{0A667427-FE32-453C-B92C-3B20FB0467A9}.Release|x64.Build.0 = Release|x64
		{0A667427-FE32-453C-B92C-3B20FB0467A9}.Release|x86.ActiveCfg = Release|Win32
		{0A667427-FE32-453C-B92C-3B20FB0467A9}.Release|x86.Build.0 = Release|Win32
		{13FDD644-4E0E-4E28-9E20-8F130FA93E0C}.Debug|Any CPU.ActiveCfg = Debug|Any CPU
		{13FDD644-4E0E-4E28-9E20-8F130FA93E0C}.Debug|Any CPU.Build.0 = Debug|Any CPU
		{13FDD644-4E0E-4E28-9E20-8F130FA93E0C}.Debug|x64.ActiveCfg = Debug|Any CPU
		{13FDD644-4E0E-4E28-9E20-8F130FA93E0C}.Debug|x64.Build.0 = Debug|Any CPU
		{13FDD644-4E0E-4E28-9E20-8F130FA93E0C}.Debug|x86.ActiveCfg = Debug|Any CPU
		{13FDD644-4E0E-4E28-9E20-8F130FA93E0C}.Debug|x86.Build.0 = Debug|Any CPU
		{13FDD644-4E0E-4E28-9E20-8F130FA93E0C}.Release|Any CPU.ActiveCfg = Release|Any CPU
		{13FDD644-4E0E-4E28-9E20-8F130FA93E0C}.Release|Any CPU.Build.0 = Release|Any CPU
		{13FDD644-4E0E-4E28-9E20-8F130FA93E0C}.Release|x64.ActiveCfg = Release|Any CPU
		{13FDD644-4E0E-4E28-9E20-8F130FA93E0C}.Release|x64.Build.0 = Release|Any CPU
		{13FDD644-4E0E-4E28-9E20-8F130FA93E0C}.Release|x86.ActiveCfg = Release|Any CPU
		{13FDD644-4E0E-4E28-9E20-8F130FA93E0C}.Release|x86.Build.0 = Release|Any CPU
		{83E5F53F-8B86-4B96-8E8F-2DB72FC5F04A}.Debug|Any CPU.ActiveCfg = Debug|Any CPU
		{83E5F53F-8B86-4B96-8E8F-2DB72FC5F04A}.Debug|Any CPU.Build.0 = Debug|Any CPU
		{83E5F53F-8B86-4B96-8E8F-2DB72FC5F04A}.Debug|x64.ActiveCfg = Debug|Any CPU
		{83E5F53F-8B86-4B96-8E8F-2DB72FC5F04A}.Debug|x64.Build.0 = Debug|Any CPU
		{83E5F53F-8B86-4B96-8E8F-2DB72FC5F04A}.Debug|x86.ActiveCfg = Debug|Any CPU
		{83E5F53F-8B86-4B96-8E8F-2DB72FC5F04A}.Debug|x86.Build.0 = Debug|Any CPU
		{83E5F53F-8B86-4B96-8E8F-2DB72FC5F04A}.Release|Any CPU.ActiveCfg = Release|Any CPU
		{83E5F53F-8B86-4B96-8E8F-2DB72FC5F04A}.Release|Any CPU.Build.0 = Release|Any CPU
		{83E5F53F-8B86-4B96-8E8F-2DB72FC5F04A}.Release|x64.ActiveCfg = Release|Any CPU
		{83E5F53F-8B86-4B96-8E8F-2DB72FC5F04A}.Release|x64.Build.0 = Release|Any CPU
		{83E5F53F-8B86-4B96-8E8F-2DB72FC5F04A}.Release|x86.ActiveCfg = Release|Any CPU
		{83E5F53F-8B86-4B96-8E8F-2DB72FC5F04A}.Release|x86.Build.0 = Release|Any CPU
		{6F59B988-3BDA-442D-AB62-CFD893ECADAD}.Debug|Any CPU.ActiveCfg = Debug|Any CPU
		{6F59B988-3BDA-442D-AB62-CFD893ECADAD}.Debug|Any CPU.Build.0 = Debug|Any CPU
		{6F59B988-3BDA-442D-AB62-CFD893ECADAD}.Debug|x64.ActiveCfg = Debug|Any CPU
		{6F59B988-3BDA-442D-AB62-CFD893ECADAD}.Debug|x64.Build.0 = Debug|Any CPU
		{6F59B988-3BDA-442D-AB62-CFD893ECADAD}.Debug|x86.ActiveCfg = Debug|Any CPU
		{6F59B988-3BDA-442D-AB62-CFD893ECADAD}.Debug|x86.Build.0 = Debug|Any CPU
		{6F59B988-3BDA-442D-AB62-CFD893ECADAD}.Release|Any CPU.ActiveCfg = Release|Any CPU
		{6F59B988-3BDA-442D-AB62-CFD893ECADAD}.Release|Any CPU.Build.0 = Release|Any CPU
		{6F59B988-3BDA-442D-AB62-CFD893ECADAD}.Release|x64.ActiveCfg = Release|Any CPU
		{6F59B988-3BDA-442D-AB62-CFD893ECADAD}.Release|x64.Build.0 = Release|Any CPU
		{6F59B988-3BDA-442D-AB62-CFD893ECADAD}.Release|x86.ActiveCfg = Release|Any CPU
		{6F59B988-3BDA-442D-AB62-CFD893ECADAD}.Release|x86.Build.0 = Release|Any CPU
		{E4247AB6-5CEF-4CA6-8C54-88B9B16B396F}.Debug|Any CPU.ActiveCfg = Debug|Any CPU
		{E4247AB6-5CEF-4CA6-8C54-88B9B16B396F}.Debug|Any CPU.Build.0 = Debug|Any CPU
		{E4247AB6-5CEF-4CA6-8C54-88B9B16B396F}.Debug|x64.ActiveCfg = Debug|Any CPU
		{E4247AB6-5CEF-4CA6-8C54-88B9B16B396F}.Debug|x64.Build.0 = Debug|Any CPU
		{E4247AB6-5CEF-4CA6-8C54-88B9B16B396F}.Debug|x86.ActiveCfg = Debug|Any CPU
		{E4247AB6-5CEF-4CA6-8C54-88B9B16B396F}.Debug|x86.Build.0 = Debug|Any CPU
		{E4247AB6-5CEF-4CA6-8C54-88B9B16B396F}.Release|Any CPU.ActiveCfg = Release|Any CPU
		{E4247AB6-5CEF-4CA6-8C54-88B9B16B396F}.Release|Any CPU.Build.0 = Release|Any CPU
		{E4247AB6-5CEF-4CA6-8C54-88B9B16B396F}.Release|x64.ActiveCfg = Release|Any CPU
		{E4247AB6-5CEF-4CA6-8C54-88B9B16B396F}.Release|x64.Build.0 = Release|Any CPU
		{E4247AB6-5CEF-4CA6-8C54-88B9B16B396F}.Release|x86.ActiveCfg = Release|Any CPU
		{E4247AB6-5CEF-4CA6-8C54-88B9B16B396F}.Release|x86.Build.0 = Release|Any CPU
		{5976BB47-C73F-4F70-8FFB-0316CC91F327}.Debug|Any CPU.ActiveCfg = Debug|Any CPU
		{5976BB47-C73F-4F70-8FFB-0316CC91F327}.Debug|Any CPU.Build.0 = Debug|Any CPU
		{5976BB47-C73F-4F70-8FFB-0316CC91F327}.Debug|x64.ActiveCfg = Debug|Any CPU
		{5976BB47-C73F-4F70-8FFB-0316CC91F327}.Debug|x64.Build.0 = Debug|Any CPU
		{5976BB47-C73F-4F70-8FFB-0316CC91F327}.Debug|x86.ActiveCfg = Debug|Any CPU
		{5976BB47-C73F-4F70-8FFB-0316CC91F327}.Debug|x86.Build.0 = Debug|Any CPU
		{5976BB47-C73F-4F70-8FFB-0316CC91F327}.Release|Any CPU.ActiveCfg = Release|Any CPU
		{5976BB47-C73F-4F70-8FFB-0316CC91F327}.Release|Any CPU.Build.0 = Release|Any CPU
		{5976BB47-C73F-4F70-8FFB-0316CC91F327}.Release|x64.ActiveCfg = Release|Any CPU
		{5976BB47-C73F-4F70-8FFB-0316CC91F327}.Release|x64.Build.0 = Release|Any CPU
		{5976BB47-C73F-4F70-8FFB-0316CC91F327}.Release|x86.ActiveCfg = Release|Any CPU
		{5976BB47-C73F-4F70-8FFB-0316CC91F327}.Release|x86.Build.0 = Release|Any CPU
		{CAFD72F9-14F9-432E-864F-E4F4B57055BF}.Debug|Any CPU.ActiveCfg = Debug|Any CPU
		{CAFD72F9-14F9-432E-864F-E4F4B57055BF}.Debug|Any CPU.Build.0 = Debug|Any CPU
		{CAFD72F9-14F9-432E-864F-E4F4B57055BF}.Debug|x64.ActiveCfg = Debug|Any CPU
		{CAFD72F9-14F9-432E-864F-E4F4B57055BF}.Debug|x64.Build.0 = Debug|Any CPU
		{CAFD72F9-14F9-432E-864F-E4F4B57055BF}.Debug|x86.ActiveCfg = Debug|Any CPU
		{CAFD72F9-14F9-432E-864F-E4F4B57055BF}.Debug|x86.Build.0 = Debug|Any CPU
		{CAFD72F9-14F9-432E-864F-E4F4B57055BF}.Release|Any CPU.ActiveCfg = Release|Any CPU
		{CAFD72F9-14F9-432E-864F-E4F4B57055BF}.Release|Any CPU.Build.0 = Release|Any CPU
		{CAFD72F9-14F9-432E-864F-E4F4B57055BF}.Release|x64.ActiveCfg = Release|Any CPU
		{CAFD72F9-14F9-432E-864F-E4F4B57055BF}.Release|x64.Build.0 = Release|Any CPU
		{CAFD72F9-14F9-432E-864F-E4F4B57055BF}.Release|x86.ActiveCfg = Release|Any CPU
		{CAFD72F9-14F9-432E-864F-E4F4B57055BF}.Release|x86.Build.0 = Release|Any CPU
		{535F5861-0F36-45B1-B464-715C4E0B232F}.Debug|Any CPU.ActiveCfg = Debug|Any CPU
		{535F5861-0F36-45B1-B464-715C4E0B232F}.Debug|Any CPU.Build.0 = Debug|Any CPU
		{535F5861-0F36-45B1-B464-715C4E0B232F}.Debug|x64.ActiveCfg = Debug|Any CPU
		{535F5861-0F36-45B1-B464-715C4E0B232F}.Debug|x64.Build.0 = Debug|Any CPU
		{535F5861-0F36-45B1-B464-715C4E0B232F}.Debug|x86.ActiveCfg = Debug|Any CPU
		{535F5861-0F36-45B1-B464-715C4E0B232F}.Debug|x86.Build.0 = Debug|Any CPU
		{535F5861-0F36-45B1-B464-715C4E0B232F}.Release|Any CPU.ActiveCfg = Release|Any CPU
		{535F5861-0F36-45B1-B464-715C4E0B232F}.Release|Any CPU.Build.0 = Release|Any CPU
		{535F5861-0F36-45B1-B464-715C4E0B232F}.Release|x64.ActiveCfg = Release|Any CPU
		{535F5861-0F36-45B1-B464-715C4E0B232F}.Release|x64.Build.0 = Release|Any CPU
		{535F5861-0F36-45B1-B464-715C4E0B232F}.Release|x86.ActiveCfg = Release|Any CPU
		{535F5861-0F36-45B1-B464-715C4E0B232F}.Release|x86.Build.0 = Release|Any CPU
		{53281651-68BD-473B-800B-6CB8CED55248}.Debug|Any CPU.ActiveCfg = Debug|Any CPU
		{53281651-68BD-473B-800B-6CB8CED55248}.Debug|Any CPU.Build.0 = Debug|Any CPU
		{53281651-68BD-473B-800B-6CB8CED55248}.Debug|x64.ActiveCfg = Debug|Any CPU
		{53281651-68BD-473B-800B-6CB8CED55248}.Debug|x64.Build.0 = Debug|Any CPU
		{53281651-68BD-473B-800B-6CB8CED55248}.Debug|x86.ActiveCfg = Debug|Any CPU
		{53281651-68BD-473B-800B-6CB8CED55248}.Debug|x86.Build.0 = Debug|Any CPU
		{53281651-68BD-473B-800B-6CB8CED55248}.Release|Any CPU.ActiveCfg = Release|Any CPU
		{53281651-68BD-473B-800B-6CB8CED55248}.Release|Any CPU.Build.0 = Release|Any CPU
		{53281651-68BD-473B-800B-6CB8CED55248}.Release|x64.ActiveCfg = Release|Any CPU
		{53281651-68BD-473B-800B-6CB8CED55248}.Release|x64.Build.0 = Release|Any CPU
		{53281651-68BD-473B-800B-6CB8CED55248}.Release|x86.ActiveCfg = Release|Any CPU
		{53281651-68BD-473B-800B-6CB8CED55248}.Release|x86.Build.0 = Release|Any CPU
		{4D875FEF-A7B0-47A0-8515-F8057C644B01}.Debug|Any CPU.ActiveCfg = Debug|Any CPU
		{4D875FEF-A7B0-47A0-8515-F8057C644B01}.Debug|Any CPU.Build.0 = Debug|Any CPU
		{4D875FEF-A7B0-47A0-8515-F8057C644B01}.Debug|x64.ActiveCfg = Debug|Any CPU
		{4D875FEF-A7B0-47A0-8515-F8057C644B01}.Debug|x64.Build.0 = Debug|Any CPU
		{4D875FEF-A7B0-47A0-8515-F8057C644B01}.Debug|x86.ActiveCfg = Debug|Any CPU
		{4D875FEF-A7B0-47A0-8515-F8057C644B01}.Debug|x86.Build.0 = Debug|Any CPU
		{4D875FEF-A7B0-47A0-8515-F8057C644B01}.Release|Any CPU.ActiveCfg = Release|Any CPU
		{4D875FEF-A7B0-47A0-8515-F8057C644B01}.Release|Any CPU.Build.0 = Release|Any CPU
		{4D875FEF-A7B0-47A0-8515-F8057C644B01}.Release|x64.ActiveCfg = Release|Any CPU
		{4D875FEF-A7B0-47A0-8515-F8057C644B01}.Release|x64.Build.0 = Release|Any CPU
		{4D875FEF-A7B0-47A0-8515-F8057C644B01}.Release|x86.ActiveCfg = Release|Any CPU
		{4D875FEF-A7B0-47A0-8515-F8057C644B01}.Release|x86.Build.0 = Release|Any CPU
		{E78F4496-7617-499B-9BCC-4B5E1467F434}.Debug|Any CPU.ActiveCfg = Debug|Any CPU
		{E78F4496-7617-499B-9BCC-4B5E1467F434}.Debug|Any CPU.Build.0 = Debug|Any CPU
		{E78F4496-7617-499B-9BCC-4B5E1467F434}.Debug|x64.ActiveCfg = Debug|Any CPU
		{E78F4496-7617-499B-9BCC-4B5E1467F434}.Debug|x64.Build.0 = Debug|Any CPU
		{E78F4496-7617-499B-9BCC-4B5E1467F434}.Debug|x86.ActiveCfg = Debug|Any CPU
		{E78F4496-7617-499B-9BCC-4B5E1467F434}.Debug|x86.Build.0 = Debug|Any CPU
		{E78F4496-7617-499B-9BCC-4B5E1467F434}.Release|Any CPU.ActiveCfg = Release|Any CPU
		{E78F4496-7617-499B-9BCC-4B5E1467F434}.Release|Any CPU.Build.0 = Release|Any CPU
		{E78F4496-7617-499B-9BCC-4B5E1467F434}.Release|x64.ActiveCfg = Release|Any CPU
		{E78F4496-7617-499B-9BCC-4B5E1467F434}.Release|x64.Build.0 = Release|Any CPU
		{E78F4496-7617-499B-9BCC-4B5E1467F434}.Release|x86.ActiveCfg = Release|Any CPU
		{E78F4496-7617-499B-9BCC-4B5E1467F434}.Release|x86.Build.0 = Release|Any CPU
		{F0F7F2D4-577B-4072-8DFC-04BA79CA6D1B}.Debug|Any CPU.ActiveCfg = Debug|Any CPU
		{F0F7F2D4-577B-4072-8DFC-04BA79CA6D1B}.Debug|Any CPU.Build.0 = Debug|Any CPU
		{F0F7F2D4-577B-4072-8DFC-04BA79CA6D1B}.Debug|x64.ActiveCfg = Debug|Any CPU
		{F0F7F2D4-577B-4072-8DFC-04BA79CA6D1B}.Debug|x64.Build.0 = Debug|Any CPU
		{F0F7F2D4-577B-4072-8DFC-04BA79CA6D1B}.Debug|x86.ActiveCfg = Debug|Any CPU
		{F0F7F2D4-577B-4072-8DFC-04BA79CA6D1B}.Debug|x86.Build.0 = Debug|Any CPU
		{F0F7F2D4-577B-4072-8DFC-04BA79CA6D1B}.Release|Any CPU.ActiveCfg = Release|Any CPU
		{F0F7F2D4-577B-4072-8DFC-04BA79CA6D1B}.Release|Any CPU.Build.0 = Release|Any CPU
		{F0F7F2D4-577B-4072-8DFC-04BA79CA6D1B}.Release|x64.ActiveCfg = Release|Any CPU
		{F0F7F2D4-577B-4072-8DFC-04BA79CA6D1B}.Release|x64.Build.0 = Release|Any CPU
		{F0F7F2D4-577B-4072-8DFC-04BA79CA6D1B}.Release|x86.ActiveCfg = Release|Any CPU
		{F0F7F2D4-577B-4072-8DFC-04BA79CA6D1B}.Release|x86.Build.0 = Release|Any CPU
		{E4CB76ED-F75E-4DF0-8AD2-E4EB864CEE2E}.Debug|Any CPU.ActiveCfg = Debug|Any CPU
		{E4CB76ED-F75E-4DF0-8AD2-E4EB864CEE2E}.Debug|Any CPU.Build.0 = Debug|Any CPU
		{E4CB76ED-F75E-4DF0-8AD2-E4EB864CEE2E}.Debug|x64.ActiveCfg = Debug|Any CPU
		{E4CB76ED-F75E-4DF0-8AD2-E4EB864CEE2E}.Debug|x64.Build.0 = Debug|Any CPU
		{E4CB76ED-F75E-4DF0-8AD2-E4EB864CEE2E}.Debug|x86.ActiveCfg = Debug|Any CPU
		{E4CB76ED-F75E-4DF0-8AD2-E4EB864CEE2E}.Debug|x86.Build.0 = Debug|Any CPU
		{E4CB76ED-F75E-4DF0-8AD2-E4EB864CEE2E}.Release|Any CPU.ActiveCfg = Release|Any CPU
		{E4CB76ED-F75E-4DF0-8AD2-E4EB864CEE2E}.Release|Any CPU.Build.0 = Release|Any CPU
		{E4CB76ED-F75E-4DF0-8AD2-E4EB864CEE2E}.Release|x64.ActiveCfg = Release|Any CPU
		{E4CB76ED-F75E-4DF0-8AD2-E4EB864CEE2E}.Release|x64.Build.0 = Release|Any CPU
		{E4CB76ED-F75E-4DF0-8AD2-E4EB864CEE2E}.Release|x86.ActiveCfg = Release|Any CPU
		{E4CB76ED-F75E-4DF0-8AD2-E4EB864CEE2E}.Release|x86.Build.0 = Release|Any CPU
		{CCBA2135-D04C-4AFD-9D24-B2CC471D9C97}.Debug|Any CPU.ActiveCfg = Debug|Any CPU
		{CCBA2135-D04C-4AFD-9D24-B2CC471D9C97}.Debug|Any CPU.Build.0 = Debug|Any CPU
		{CCBA2135-D04C-4AFD-9D24-B2CC471D9C97}.Debug|x64.ActiveCfg = Debug|Any CPU
		{CCBA2135-D04C-4AFD-9D24-B2CC471D9C97}.Debug|x64.Build.0 = Debug|Any CPU
		{CCBA2135-D04C-4AFD-9D24-B2CC471D9C97}.Debug|x86.ActiveCfg = Debug|Any CPU
		{CCBA2135-D04C-4AFD-9D24-B2CC471D9C97}.Debug|x86.Build.0 = Debug|Any CPU
		{CCBA2135-D04C-4AFD-9D24-B2CC471D9C97}.Release|Any CPU.ActiveCfg = Release|Any CPU
		{CCBA2135-D04C-4AFD-9D24-B2CC471D9C97}.Release|Any CPU.Build.0 = Release|Any CPU
		{CCBA2135-D04C-4AFD-9D24-B2CC471D9C97}.Release|x64.ActiveCfg = Release|Any CPU
		{CCBA2135-D04C-4AFD-9D24-B2CC471D9C97}.Release|x64.Build.0 = Release|Any CPU
		{CCBA2135-D04C-4AFD-9D24-B2CC471D9C97}.Release|x86.ActiveCfg = Release|Any CPU
		{CCBA2135-D04C-4AFD-9D24-B2CC471D9C97}.Release|x86.Build.0 = Release|Any CPU
		{D35DB708-620E-40F3-BC78-C1C451927DF1}.Debug|Any CPU.ActiveCfg = Debug|Any CPU
		{D35DB708-620E-40F3-BC78-C1C451927DF1}.Debug|Any CPU.Build.0 = Debug|Any CPU
		{D35DB708-620E-40F3-BC78-C1C451927DF1}.Debug|x64.ActiveCfg = Debug|Any CPU
		{D35DB708-620E-40F3-BC78-C1C451927DF1}.Debug|x64.Build.0 = Debug|Any CPU
		{D35DB708-620E-40F3-BC78-C1C451927DF1}.Debug|x86.ActiveCfg = Debug|Any CPU
		{D35DB708-620E-40F3-BC78-C1C451927DF1}.Debug|x86.Build.0 = Debug|Any CPU
		{D35DB708-620E-40F3-BC78-C1C451927DF1}.Release|Any CPU.ActiveCfg = Release|Any CPU
		{D35DB708-620E-40F3-BC78-C1C451927DF1}.Release|Any CPU.Build.0 = Release|Any CPU
		{D35DB708-620E-40F3-BC78-C1C451927DF1}.Release|x64.ActiveCfg = Release|Any CPU
		{D35DB708-620E-40F3-BC78-C1C451927DF1}.Release|x64.Build.0 = Release|Any CPU
		{D35DB708-620E-40F3-BC78-C1C451927DF1}.Release|x86.ActiveCfg = Release|Any CPU
		{D35DB708-620E-40F3-BC78-C1C451927DF1}.Release|x86.Build.0 = Release|Any CPU
		{19444063-098B-402E-A223-22FFDABF3571}.Debug|Any CPU.ActiveCfg = Debug|Any CPU
		{19444063-098B-402E-A223-22FFDABF3571}.Debug|Any CPU.Build.0 = Debug|Any CPU
		{19444063-098B-402E-A223-22FFDABF3571}.Debug|x64.ActiveCfg = Debug|Any CPU
		{19444063-098B-402E-A223-22FFDABF3571}.Debug|x64.Build.0 = Debug|Any CPU
		{19444063-098B-402E-A223-22FFDABF3571}.Debug|x86.ActiveCfg = Debug|Any CPU
		{19444063-098B-402E-A223-22FFDABF3571}.Debug|x86.Build.0 = Debug|Any CPU
		{19444063-098B-402E-A223-22FFDABF3571}.Release|Any CPU.ActiveCfg = Release|Any CPU
		{19444063-098B-402E-A223-22FFDABF3571}.Release|Any CPU.Build.0 = Release|Any CPU
		{19444063-098B-402E-A223-22FFDABF3571}.Release|x64.ActiveCfg = Release|Any CPU
		{19444063-098B-402E-A223-22FFDABF3571}.Release|x64.Build.0 = Release|Any CPU
		{19444063-098B-402E-A223-22FFDABF3571}.Release|x86.ActiveCfg = Release|Any CPU
		{19444063-098B-402E-A223-22FFDABF3571}.Release|x86.Build.0 = Release|Any CPU
		{BC1125F2-4552-4CEC-A926-3B584E9AA562}.Debug|Any CPU.ActiveCfg = Debug|Any CPU
		{BC1125F2-4552-4CEC-A926-3B584E9AA562}.Debug|Any CPU.Build.0 = Debug|Any CPU
		{BC1125F2-4552-4CEC-A926-3B584E9AA562}.Debug|x64.ActiveCfg = Debug|Any CPU
		{BC1125F2-4552-4CEC-A926-3B584E9AA562}.Debug|x64.Build.0 = Debug|Any CPU
		{BC1125F2-4552-4CEC-A926-3B584E9AA562}.Debug|x86.ActiveCfg = Debug|Any CPU
		{BC1125F2-4552-4CEC-A926-3B584E9AA562}.Debug|x86.Build.0 = Debug|Any CPU
		{BC1125F2-4552-4CEC-A926-3B584E9AA562}.Release|Any CPU.ActiveCfg = Release|Any CPU
		{BC1125F2-4552-4CEC-A926-3B584E9AA562}.Release|Any CPU.Build.0 = Release|Any CPU
		{BC1125F2-4552-4CEC-A926-3B584E9AA562}.Release|x64.ActiveCfg = Release|Any CPU
		{BC1125F2-4552-4CEC-A926-3B584E9AA562}.Release|x64.Build.0 = Release|Any CPU
		{BC1125F2-4552-4CEC-A926-3B584E9AA562}.Release|x86.ActiveCfg = Release|Any CPU
		{BC1125F2-4552-4CEC-A926-3B584E9AA562}.Release|x86.Build.0 = Release|Any CPU
		{4E462282-9D2C-42ED-9535-55D5A96BFC54}.Debug|Any CPU.ActiveCfg = Debug|Any CPU
		{4E462282-9D2C-42ED-9535-55D5A96BFC54}.Debug|Any CPU.Build.0 = Debug|Any CPU
		{4E462282-9D2C-42ED-9535-55D5A96BFC54}.Debug|x64.ActiveCfg = Debug|Any CPU
		{4E462282-9D2C-42ED-9535-55D5A96BFC54}.Debug|x64.Build.0 = Debug|Any CPU
		{4E462282-9D2C-42ED-9535-55D5A96BFC54}.Debug|x86.ActiveCfg = Debug|Any CPU
		{4E462282-9D2C-42ED-9535-55D5A96BFC54}.Debug|x86.Build.0 = Debug|Any CPU
		{4E462282-9D2C-42ED-9535-55D5A96BFC54}.Release|Any CPU.ActiveCfg = Release|Any CPU
		{4E462282-9D2C-42ED-9535-55D5A96BFC54}.Release|Any CPU.Build.0 = Release|Any CPU
		{4E462282-9D2C-42ED-9535-55D5A96BFC54}.Release|x64.ActiveCfg = Release|Any CPU
		{4E462282-9D2C-42ED-9535-55D5A96BFC54}.Release|x64.Build.0 = Release|Any CPU
		{4E462282-9D2C-42ED-9535-55D5A96BFC54}.Release|x86.ActiveCfg = Release|Any CPU
		{4E462282-9D2C-42ED-9535-55D5A96BFC54}.Release|x86.Build.0 = Release|Any CPU
		{190E0ECC-643F-4FF7-A8C8-C2B933AC206C}.Debug|Any CPU.ActiveCfg = Debug|Any CPU
		{190E0ECC-643F-4FF7-A8C8-C2B933AC206C}.Debug|Any CPU.Build.0 = Debug|Any CPU
		{190E0ECC-643F-4FF7-A8C8-C2B933AC206C}.Debug|x64.ActiveCfg = Debug|Any CPU
		{190E0ECC-643F-4FF7-A8C8-C2B933AC206C}.Debug|x64.Build.0 = Debug|Any CPU
		{190E0ECC-643F-4FF7-A8C8-C2B933AC206C}.Debug|x86.ActiveCfg = Debug|Any CPU
		{190E0ECC-643F-4FF7-A8C8-C2B933AC206C}.Debug|x86.Build.0 = Debug|Any CPU
		{190E0ECC-643F-4FF7-A8C8-C2B933AC206C}.Release|Any CPU.ActiveCfg = Release|Any CPU
		{190E0ECC-643F-4FF7-A8C8-C2B933AC206C}.Release|Any CPU.Build.0 = Release|Any CPU
		{190E0ECC-643F-4FF7-A8C8-C2B933AC206C}.Release|x64.ActiveCfg = Release|Any CPU
		{190E0ECC-643F-4FF7-A8C8-C2B933AC206C}.Release|x64.Build.0 = Release|Any CPU
		{190E0ECC-643F-4FF7-A8C8-C2B933AC206C}.Release|x86.ActiveCfg = Release|Any CPU
		{190E0ECC-643F-4FF7-A8C8-C2B933AC206C}.Release|x86.Build.0 = Release|Any CPU
		{90C72634-2C7F-4CEC-A690-9AB8BD5D2F7A}.Debug|Any CPU.ActiveCfg = Debug|Any CPU
		{90C72634-2C7F-4CEC-A690-9AB8BD5D2F7A}.Debug|Any CPU.Build.0 = Debug|Any CPU
		{90C72634-2C7F-4CEC-A690-9AB8BD5D2F7A}.Debug|x64.ActiveCfg = Debug|Any CPU
		{90C72634-2C7F-4CEC-A690-9AB8BD5D2F7A}.Debug|x64.Build.0 = Debug|Any CPU
		{90C72634-2C7F-4CEC-A690-9AB8BD5D2F7A}.Debug|x86.ActiveCfg = Debug|Any CPU
		{90C72634-2C7F-4CEC-A690-9AB8BD5D2F7A}.Debug|x86.Build.0 = Debug|Any CPU
		{90C72634-2C7F-4CEC-A690-9AB8BD5D2F7A}.Release|Any CPU.ActiveCfg = Release|Any CPU
		{90C72634-2C7F-4CEC-A690-9AB8BD5D2F7A}.Release|Any CPU.Build.0 = Release|Any CPU
		{90C72634-2C7F-4CEC-A690-9AB8BD5D2F7A}.Release|x64.ActiveCfg = Release|Any CPU
		{90C72634-2C7F-4CEC-A690-9AB8BD5D2F7A}.Release|x64.Build.0 = Release|Any CPU
		{90C72634-2C7F-4CEC-A690-9AB8BD5D2F7A}.Release|x86.ActiveCfg = Release|Any CPU
		{90C72634-2C7F-4CEC-A690-9AB8BD5D2F7A}.Release|x86.Build.0 = Release|Any CPU
		{69B6B97C-4F41-475F-93DC-299CE3E9CCB5}.Debug|Any CPU.ActiveCfg = Debug|Any CPU
		{69B6B97C-4F41-475F-93DC-299CE3E9CCB5}.Debug|Any CPU.Build.0 = Debug|Any CPU
		{69B6B97C-4F41-475F-93DC-299CE3E9CCB5}.Debug|x64.ActiveCfg = Debug|Any CPU
		{69B6B97C-4F41-475F-93DC-299CE3E9CCB5}.Debug|x64.Build.0 = Debug|Any CPU
		{69B6B97C-4F41-475F-93DC-299CE3E9CCB5}.Debug|x86.ActiveCfg = Debug|Any CPU
		{69B6B97C-4F41-475F-93DC-299CE3E9CCB5}.Debug|x86.Build.0 = Debug|Any CPU
		{69B6B97C-4F41-475F-93DC-299CE3E9CCB5}.Release|Any CPU.ActiveCfg = Release|Any CPU
		{69B6B97C-4F41-475F-93DC-299CE3E9CCB5}.Release|Any CPU.Build.0 = Release|Any CPU
		{69B6B97C-4F41-475F-93DC-299CE3E9CCB5}.Release|x64.ActiveCfg = Release|Any CPU
		{69B6B97C-4F41-475F-93DC-299CE3E9CCB5}.Release|x64.Build.0 = Release|Any CPU
		{69B6B97C-4F41-475F-93DC-299CE3E9CCB5}.Release|x86.ActiveCfg = Release|Any CPU
		{69B6B97C-4F41-475F-93DC-299CE3E9CCB5}.Release|x86.Build.0 = Release|Any CPU
		{33FFF4FF-333C-440E-8F72-27ABDA648C67}.Debug|Any CPU.ActiveCfg = Debug|Any CPU
		{33FFF4FF-333C-440E-8F72-27ABDA648C67}.Debug|Any CPU.Build.0 = Debug|Any CPU
		{33FFF4FF-333C-440E-8F72-27ABDA648C67}.Debug|x64.ActiveCfg = Debug|Any CPU
		{33FFF4FF-333C-440E-8F72-27ABDA648C67}.Debug|x64.Build.0 = Debug|Any CPU
		{33FFF4FF-333C-440E-8F72-27ABDA648C67}.Debug|x86.ActiveCfg = Debug|Any CPU
		{33FFF4FF-333C-440E-8F72-27ABDA648C67}.Debug|x86.Build.0 = Debug|Any CPU
		{33FFF4FF-333C-440E-8F72-27ABDA648C67}.Release|Any CPU.ActiveCfg = Release|Any CPU
		{33FFF4FF-333C-440E-8F72-27ABDA648C67}.Release|Any CPU.Build.0 = Release|Any CPU
		{33FFF4FF-333C-440E-8F72-27ABDA648C67}.Release|x64.ActiveCfg = Release|Any CPU
		{33FFF4FF-333C-440E-8F72-27ABDA648C67}.Release|x64.Build.0 = Release|Any CPU
		{33FFF4FF-333C-440E-8F72-27ABDA648C67}.Release|x86.ActiveCfg = Release|Any CPU
		{33FFF4FF-333C-440E-8F72-27ABDA648C67}.Release|x86.Build.0 = Release|Any CPU
	EndGlobalSection
	GlobalSection(SolutionProperties) = preSolution
		HideSolutionNode = FALSE
	EndGlobalSection
	GlobalSection(ExtensibilityGlobals) = postSolution
		SolutionGuid = {B606E8A8-0D83-487C-9D35-ABA7CB5C6209}
	EndGlobalSection
EndGlobal
