<?xml version="1.0" encoding="utf-8"?>
<Project ToolsVersion="4.0" xmlns="http://schemas.microsoft.com/developer/msbuild/2003">
  <ItemGroup>
    <Filter Include="Source Files">
      <UniqueIdentifier>{4FC737F1-C7A5-4376-A066-2A32D752A2FF}</UniqueIdentifier>
      <Extensions>cpp;c;cc;cxx;def;odl;idl;hpj;bat;asm;asmx</Extensions>
    </Filter>
    <Filter Include="Header Files">
      <UniqueIdentifier>{93995380-89BD-4b04-88EB-625FBE52EBFB}</UniqueIdentifier>
      <Extensions>h;hh;hpp;hxx;hm;inl;inc;ipp;xsd</Extensions>
    </Filter>
    <Filter Include="Resource Files">
      <UniqueIdentifier>{67DA6AB6-F800-4c08-8B7A-83BB121AAD01}</UniqueIdentifier>
      <Extensions>rc;ico;cur;bmp;dlg;rc2;rct;bin;rgs;gif;jpg;jpeg;jpe;resx;tiff;tif;png;wav;mfcribbon-ms</Extensions>
    </Filter>
  </ItemGroup>
  <ItemGroup>
    <ClInclude Include="ThrustRTCLR.h">
      <Filter>Header Files</Filter>
    </ClInclude>
    <ClInclude Include="Resource.h">
      <Filter>Header Files</Filter>
    </ClInclude>
    <ClInclude Include="..\..\internal\cuda_inline_headers.hpp">
      <Filter>Header Files</Filter>
    </ClInclude>
    <ClInclude Include="..\..\internal\cuda_inline_headers_global.hpp">
      <Filter>Header Files</Filter>
    </ClInclude>
    <ClInclude Include="..\..\internal\cuda_occupancy.h">
      <Filter>Header Files</Filter>
    </ClInclude>
    <ClInclude Include="..\..\internal\cuda_wrapper.h">
      <Filter>Header Files</Filter>
    </ClInclude>
    <ClInclude Include="..\..\internal\general_copy_if.h">
      <Filter>Header Files</Filter>
    </ClInclude>
    <ClInclude Include="..\..\internal\general_find.h">
      <Filter>Header Files</Filter>
    </ClInclude>
    <ClInclude Include="..\..\internal\general_reduce.h">
      <Filter>Header Files</Filter>
    </ClInclude>
    <ClInclude Include="..\..\internal\general_scan.h">
      <Filter>Header Files</Filter>
    </ClInclude>
    <ClInclude Include="..\..\internal\general_scan_by_key.h">
      <Filter>Header Files</Filter>
    </ClInclude>
    <ClInclude Include="..\..\internal\launch_calc.h">
      <Filter>Header Files</Filter>
    </ClInclude>
    <ClInclude Include="..\..\internal\merge_sort.h">
      <Filter>Header Files</Filter>
    </ClInclude>
    <ClInclude Include="..\..\internal\nvtrc_wrapper.h">
      <Filter>Header Files</Filter>
    </ClInclude>
    <ClInclude Include="..\..\internal\radix_sort.h">
      <Filter>Header Files</Filter>
    </ClInclude>
    <ClInclude Include="..\..\internal\Timing.h">
      <Filter>Header Files</Filter>
    </ClInclude>
    <ClInclude Include="..\..\thirdparty\crc64\crc64.h">
      <Filter>Header Files</Filter>
    </ClInclude>
    <ClInclude Include="..\..\thirdparty\unqlite\unqlite.h">
      <Filter>Header Files</Filter>
    </ClInclude>
    <ClInclude Include="..\..\fake_vectors\DVConstant.h">
      <Filter>Header Files</Filter>
    </ClInclude>
    <ClInclude Include="..\..\fake_vectors\DVCounter.h">
      <Filter>Header Files</Filter>
    </ClInclude>
    <ClInclude Include="..\..\fake_vectors\DVCustomVector.h">
      <Filter>Header Files</Filter>
    </ClInclude>
    <ClInclude Include="..\..\fake_vectors\DVDiscard.h">
      <Filter>Header Files</Filter>
    </ClInclude>
    <ClInclude Include="..\..\fake_vectors\DVPermutation.h">
      <Filter>Header Files</Filter>
    </ClInclude>
    <ClInclude Include="..\..\fake_vectors\DVRange.h">
      <Filter>Header Files</Filter>
    </ClInclude>
    <ClInclude Include="..\..\fake_vectors\DVReverse.h">
      <Filter>Header Files</Filter>
    </ClInclude>
    <ClInclude Include="..\..\fake_vectors\DVTransform.h">
      <Filter>Header Files</Filter>
    </ClInclude>
    <ClInclude Include="..\..\fake_vectors\DVZipped.h">
      <Filter>Header Files</Filter>
    </ClInclude>
    <ClInclude Include="..\..\adjacent_difference.h">
      <Filter>Header Files</Filter>
    </ClInclude>
    <ClInclude Include="..\..\binary_search.h">
      <Filter>Header Files</Filter>
    </ClInclude>
    <ClInclude Include="..\..\built_in.h">
      <Filter>Header Files</Filter>
    </ClInclude>
    <ClInclude Include="..\..\copy.h">
      <Filter>Header Files</Filter>
    </ClInclude>
    <ClInclude Include="..\..\count.h">
      <Filter>Header Files</Filter>
    </ClInclude>
    <ClInclude Include="..\..\DeviceViewable.h">
      <Filter>Header Files</Filter>
    </ClInclude>
    <ClInclude Include="..\..\DVTuple.h">
      <Filter>Header Files</Filter>
    </ClInclude>
    <ClInclude Include="..\..\DVVector.h">
      <Filter>Header Files</Filter>
    </ClInclude>
    <ClInclude Include="..\..\equal.h">
      <Filter>Header Files</Filter>
    </ClInclude>
    <ClInclude Include="..\..\extrema.h">
      <Filter>Header Files</Filter>
    </ClInclude>
    <ClInclude Include="..\..\fill.h">
      <Filter>Header Files</Filter>
    </ClInclude>
    <ClInclude Include="..\..\find.h">
      <Filter>Header Files</Filter>
    </ClInclude>
    <ClInclude Include="..\..\for_each.h">
      <Filter>Header Files</Filter>
    </ClInclude>
    <ClInclude Include="..\..\functor.h">
      <Filter>Header Files</Filter>
    </ClInclude>
    <ClInclude Include="..\..\gather.h">
      <Filter>Header Files</Filter>
    </ClInclude>
    <ClInclude Include="..\..\inner_product.h">
      <Filter>Header Files</Filter>
    </ClInclude>
    <ClInclude Include="..\..\logical.h">
      <Filter>Header Files</Filter>
    </ClInclude>
    <ClInclude Include="..\..\merge.h">
      <Filter>Header Files</Filter>
    </ClInclude>
    <ClInclude Include="..\..\mismatch.h">
      <Filter>Header Files</Filter>
    </ClInclude>
    <ClInclude Include="..\..\partition.h">
      <Filter>Header Files</Filter>
    </ClInclude>
    <ClInclude Include="..\..\reduce.h">
      <Filter>Header Files</Filter>
    </ClInclude>
    <ClInclude Include="..\..\remove.h">
      <Filter>Header Files</Filter>
    </ClInclude>
    <ClInclude Include="..\..\replace.h">
      <Filter>Header Files</Filter>
    </ClInclude>
    <ClInclude Include="..\..\scan.h">
      <Filter>Header Files</Filter>
    </ClInclude>
    <ClInclude Include="..\..\scatter.h">
      <Filter>Header Files</Filter>
    </ClInclude>
    <ClInclude Include="..\..\sequence.h">
      <Filter>Header Files</Filter>
    </ClInclude>
    <ClInclude Include="..\..\sort.h">
      <Filter>Header Files</Filter>
    </ClInclude>
    <ClInclude Include="..\..\swap.h">
      <Filter>Header Files</Filter>
    </ClInclude>
    <ClInclude Include="..\..\tabulate.h">
      <Filter>Header Files</Filter>
    </ClInclude>
    <ClInclude Include="..\..\transform.h">
      <Filter>Header Files</Filter>
    </ClInclude>
    <ClInclude Include="..\..\transform_reduce.h">
      <Filter>Header Files</Filter>
    </ClInclude>
    <ClInclude Include="..\..\transform_scan.h">
      <Filter>Header Files</Filter>
    </ClInclude>
    <ClInclude Include="..\..\TRTC_api.h">
      <Filter>Header Files</Filter>
    </ClInclude>
    <ClInclude Include="..\..\TRTCContext.h">
      <Filter>Header Files</Filter>
    </ClInclude>
    <ClInclude Include="..\..\unique.h">
      <Filter>Header Files</Filter>
    </ClInclude>
  </ItemGroup>
  <ItemGroup>
    <ClCompile Include="AssemblyInfo.cpp">
      <Filter>Source Files</Filter>
    </ClCompile>
    <ClCompile Include="Context.cpp">
      <Filter>Source Files</Filter>
    </ClCompile>
    <ClCompile Include="DeviceViewable.cpp">
      <Filter>Source Files</Filter>
    </ClCompile>
    <ClCompile Include="Transformations.cpp">
      <Filter>Source Files</Filter>
    </ClCompile>
    <ClCompile Include="FakeVectors.cpp">
      <Filter>Source Files</Filter>
    </ClCompile>
    <ClCompile Include="Copying.cpp">
      <Filter>Source Files</Filter>
    </ClCompile>
    <ClCompile Include="Reductions.cpp">
      <Filter>Source Files</Filter>
    </ClCompile>
    <ClCompile Include="PrefixSums.cpp">
      <Filter>Source Files</Filter>
    </ClCompile>
    <ClCompile Include="Reordering.cpp">
      <Filter>Source Files</Filter>
    </ClCompile>
    <ClCompile Include="Searching.cpp">
      <Filter>Source Files</Filter>
    </ClCompile>
    <ClCompile Include="Merging.cpp">
      <Filter>Source Files</Filter>
    </ClCompile>
    <ClCompile Include="Sorting.cpp">
      <Filter>Source Files</Filter>
    </ClCompile>
    <ClCompile Include="..\..\fake_vectors\DVConstant.cpp">
      <Filter>Source Files</Filter>
    </ClCompile>
    <ClCompile Include="..\..\fake_vectors\DVCounter.cpp">
      <Filter>Source Files</Filter>
    </ClCompile>
    <ClCompile Include="..\..\fake_vectors\DVCustomVector.cpp">
      <Filter>Source Files</Filter>
    </ClCompile>
    <ClCompile Include="..\..\fake_vectors\DVDiscard.cpp">
      <Filter>Source Files</Filter>
    </ClCompile>
    <ClCompile Include="..\..\fake_vectors\DVPermutation.cpp">
      <Filter>Source Files</Filter>
    </ClCompile>
    <ClCompile Include="..\..\fake_vectors\DVRange.cpp">
      <Filter>Source Files</Filter>
    </ClCompile>
    <ClCompile Include="..\..\fake_vectors\DVReverse.cpp">
      <Filter>Source Files</Filter>
    </ClCompile>
    <ClCompile Include="..\..\fake_vectors\DVTransform.cpp">
      <Filter>Source Files</Filter>
    </ClCompile>
    <ClCompile Include="..\..\fake_vectors\DVZipped.cpp">
      <Filter>Source Files</Filter>
    </ClCompile>
    <ClCompile Include="..\..\internal\cuda_wrapper.cpp">
      <Filter>Source Files</Filter>
    </ClCompile>
    <ClCompile Include="..\..\internal\general_copy_if.cpp">
      <Filter>Source Files</Filter>
    </ClCompile>
    <ClCompile Include="..\..\internal\general_find.cpp">
      <Filter>Source Files</Filter>
    </ClCompile>
    <ClCompile Include="..\..\internal\general_reduce.cpp">
      <Filter>Source Files</Filter>
    </ClCompile>
    <ClCompile Include="..\..\internal\general_scan.cpp">
      <Filter>Source Files</Filter>
    </ClCompile>
    <ClCompile Include="..\..\internal\general_scan_by_key.cpp">
      <Filter>Source Files</Filter>
    </ClCompile>
    <ClCompile Include="..\..\internal\launch_calc.cpp">
      <Filter>Source Files</Filter>
    </ClCompile>
    <ClCompile Include="..\..\internal\merge_sort.cpp">
      <Filter>Source Files</Filter>
    </ClCompile>
    <ClCompile Include="..\..\internal\nvtrc_wrapper.cpp">
      <Filter>Source Files</Filter>
    </ClCompile>
    <ClCompile Include="..\..\internal\pack_headers.cpp">
      <Filter>Source Files</Filter>
    </ClCompile>
    <ClCompile Include="..\..\internal\radix_sort.cpp">
      <Filter>Source Files</Filter>
    </ClCompile>
    <ClCompile Include="..\..\thirdparty\crc64\crc64.cpp">
      <Filter>Source Files</Filter>
    </ClCompile>
    <ClCompile Include="..\..\thirdparty\unqlite\unqlite.c">
      <Filter>Source Files</Filter>
    </ClCompile>
    <ClCompile Include="..\..\adjacent_difference.cpp">
      <Filter>Source Files</Filter>
    </ClCompile>
    <ClCompile Include="..\..\binary_search.cpp">
      <Filter>Source Files</Filter>
    </ClCompile>
    <ClCompile Include="..\..\copy.cpp">
      <Filter>Source Files</Filter>
    </ClCompile>
    <ClCompile Include="..\..\count.cpp">
      <Filter>Source Files</Filter>
    </ClCompile>
    <ClCompile Include="..\..\DVTuple.cpp">
      <Filter>Source Files</Filter>
    </ClCompile>
    <ClCompile Include="..\..\DVVector.cpp">
      <Filter>Source Files</Filter>
    </ClCompile>
    <ClCompile Include="..\..\equal.cpp">
      <Filter>Source Files</Filter>
    </ClCompile>
    <ClCompile Include="..\..\extrema.cpp">
      <Filter>Source Files</Filter>
    </ClCompile>
    <ClCompile Include="..\..\fill.cpp">
      <Filter>Source Files</Filter>
    </ClCompile>
    <ClCompile Include="..\..\find.cpp">
      <Filter>Source Files</Filter>
    </ClCompile>
    <ClCompile Include="..\..\for_each.cpp">
      <Filter>Source Files</Filter>
    </ClCompile>
    <ClCompile Include="..\..\functor.cpp">
      <Filter>Source Files</Filter>
    </ClCompile>
    <ClCompile Include="..\..\gather.cpp">
      <Filter>Source Files</Filter>
    </ClCompile>
    <ClCompile Include="..\..\inner_product.cpp">
      <Filter>Source Files</Filter>
    </ClCompile>
    <ClCompile Include="..\..\logical.cpp">
      <Filter>Source Files</Filter>
    </ClCompile>
    <ClCompile Include="..\..\merge.cpp">
      <Filter>Source Files</Filter>
    </ClCompile>
    <ClCompile Include="..\..\mismatch.cpp">
      <Filter>Source Files</Filter>
    </ClCompile>
    <ClCompile Include="..\..\partition.cpp">
      <Filter>Source Files</Filter>
    </ClCompile>
    <ClCompile Include="..\..\reduce.cpp">
      <Filter>Source Files</Filter>
    </ClCompile>
    <ClCompile Include="..\..\remove.cpp">
      <Filter>Source Files</Filter>
    </ClCompile>
    <ClCompile Include="..\..\replace.cpp">
      <Filter>Source Files</Filter>
    </ClCompile>
    <ClCompile Include="..\..\scan.cpp">
      <Filter>Source Files</Filter>
    </ClCompile>
    <ClCompile Include="..\..\scan_by_key.cpp">
      <Filter>Source Files</Filter>
    </ClCompile>
    <ClCompile Include="..\..\scatter.cpp">
      <Filter>Source Files</Filter>
    </ClCompile>
    <ClCompile Include="..\..\sequence.cpp">
      <Filter>Source Files</Filter>
    </ClCompile>
    <ClCompile Include="..\..\sort.cpp">
      <Filter>Source Files</Filter>
    </ClCompile>
    <ClCompile Include="..\..\swap.cpp">
      <Filter>Source Files</Filter>
    </ClCompile>
    <ClCompile Include="..\..\tabulate.cpp">
      <Filter>Source Files</Filter>
    </ClCompile>
    <ClCompile Include="..\..\transform.cpp">
      <Filter>Source Files</Filter>
    </ClCompile>
    <ClCompile Include="..\..\transform_reduce.cpp">
      <Filter>Source Files</Filter>
    </ClCompile>
    <ClCompile Include="..\..\transform_scan.cpp">
      <Filter>Source Files</Filter>
    </ClCompile>
    <ClCompile Include="..\..\TRTCContext.cpp">
      <Filter>Source Files</Filter>
    </ClCompile>
    <ClCompile Include="..\..\unique.cpp">
      <Filter>Source Files</Filter>
    </ClCompile>
    <ClCompile Include="DVTupleCLR.cpp">
      <Filter>Source Files</Filter>
    </ClCompile>
    <ClCompile Include="DVVectorCLR.cpp">
      <Filter>Source Files</Filter>
    </ClCompile>
    <ClCompile Include="FunctorCLR.cpp">
      <Filter>Source Files</Filter>
    </ClCompile>
  </ItemGroup>
  <ItemGroup>
    <ResourceCompile Include="app.rc">
      <Filter>Resource Files</Filter>
    </ResourceCompile>
  </ItemGroup>
  <ItemGroup>
    <Image Include="app.ico">
      <Filter>Resource Files</Filter>
    </Image>
  </ItemGroup>
  <ItemGroup>
    <None Include="..\..\internal\impl_context.inl">
      <Filter>Header Files</Filter>
    </None>
  </ItemGroup>
</Project>